{
  "version": 4,
  "terraform_version": "1.3.6",
  "serial": 43,
  "lineage": "ad4f07ae-5b94-4062-2c49-dc5b61477a6d",
  "outputs": {},
  "resources": [
    {
      "mode": "data",
      "type": "aws_iam_policy_document",
      "name": "blog_s3_policy",
      "provider": "provider[\"registry.terraform.io/hashicorp/aws\"]",
      "instances": [
        {
          "schema_version": 0,
          "attributes": {
            "id": "3214710904",
            "json": "{\n  \"Version\": \"2012-10-17\",\n  \"Statement\": [\n    {\n      \"Sid\": \"\",\n      \"Effect\": \"Allow\",\n      \"Action\": \"s3:GetObject\",\n      \"Resource\": \"arn:aws:s3:::skyfortress.dev/*\",\n      \"Principal\": {\n        \"AWS\": \"arn:aws:iam::cloudfront:user/CloudFront Origin Access Identity E60HAVU7T59TB\"\n      }\n    },\n    {\n      \"Sid\": \"\",\n      \"Effect\": \"Allow\",\n      \"Action\": \"s3:ListBucket\",\n      \"Resource\": \"arn:aws:s3:::skyfortress.dev\",\n      \"Principal\": {\n        \"AWS\": \"arn:aws:iam::cloudfront:user/CloudFront Origin Access Identity E60HAVU7T59TB\"\n      }\n    }\n  ]\n}",
            "override_json": null,
            "override_policy_documents": null,
            "policy_id": null,
            "source_json": null,
            "source_policy_documents": null,
            "statement": [
              {
                "actions": [
                  "s3:GetObject"
                ],
                "condition": [],
                "effect": "Allow",
                "not_actions": [],
                "not_principals": [],
                "not_resources": [],
                "principals": [
                  {
                    "identifiers": [
                      "arn:aws:iam::cloudfront:user/CloudFront Origin Access Identity E60HAVU7T59TB"
                    ],
                    "type": "AWS"
                  }
                ],
                "resources": [
                  "arn:aws:s3:::skyfortress.dev/*"
                ],
                "sid": ""
              },
              {
                "actions": [
                  "s3:ListBucket"
                ],
                "condition": [],
                "effect": "Allow",
                "not_actions": [],
                "not_principals": [],
                "not_resources": [],
                "principals": [
                  {
                    "identifiers": [
                      "arn:aws:iam::cloudfront:user/CloudFront Origin Access Identity E60HAVU7T59TB"
                    ],
                    "type": "AWS"
                  }
                ],
                "resources": [
                  "arn:aws:s3:::skyfortress.dev"
                ],
                "sid": ""
              }
            ],
            "version": "2012-10-17"
          },
          "sensitive_attributes": []
        }
      ]
    },
    {
      "mode": "managed",
      "type": "aws_acm_certificate",
      "name": "my_certificate_request",
      "provider": "provider[\"registry.terraform.io/hashicorp/aws\"]",
      "instances": [
        {
          "schema_version": 0,
          "attributes": {
            "arn": "arn:aws:acm:us-east-1:828841347063:certificate/7cdebc46-afc3-407f-bdbc-4b6c19b6a0ce",
            "certificate_authority_arn": "",
            "certificate_body": null,
            "certificate_chain": null,
            "domain_name": "skyfortress.dev",
            "domain_validation_options": [
              {
                "domain_name": "*.skyfortress.dev",
                "resource_record_name": "_34d8fff55a84bd333e9998ac156b74b8.skyfortress.dev.",
                "resource_record_type": "CNAME",
                "resource_record_value": "_e51da7e3fc4c40c40703af0ef22ecdf4.xmkpffzlvd.acm-validations.aws."
              },
              {
                "domain_name": "skyfortress.dev",
                "resource_record_name": "_34d8fff55a84bd333e9998ac156b74b8.skyfortress.dev.",
                "resource_record_type": "CNAME",
                "resource_record_value": "_e51da7e3fc4c40c40703af0ef22ecdf4.xmkpffzlvd.acm-validations.aws."
              }
            ],
            "early_renewal_duration": "",
            "id": "arn:aws:acm:us-east-1:828841347063:certificate/7cdebc46-afc3-407f-bdbc-4b6c19b6a0ce",
            "key_algorithm": "RSA_2048",
            "not_after": "2024-02-11T23:59:59Z",
            "not_before": "2023-01-12T00:00:00Z",
            "options": [
              {
                "certificate_transparency_logging_preference": "ENABLED"
              }
            ],
            "pending_renewal": false,
            "private_key": null,
            "renewal_eligibility": "ELIGIBLE",
            "renewal_summary": [],
            "status": "ISSUED",
            "subject_alternative_names": [
              "*.skyfortress.dev",
              "skyfortress.dev"
            ],
            "tags": {
              "Name": "skyfortress.dev"
            },
            "tags_all": {
              "Name": "skyfortress.dev"
            },
            "type": "AMAZON_ISSUED",
            "validation_emails": [],
            "validation_method": "DNS",
            "validation_option": []
          },
          "sensitive_attributes": [],
          "private": "bnVsbA==",
          "create_before_destroy": true
        }
      ]
    },
    {
      "mode": "managed",
      "type": "aws_acm_certificate_validation",
      "name": "my_certificate_validation",
      "provider": "provider[\"registry.terraform.io/hashicorp/aws\"]",
      "instances": [
        {
          "schema_version": 0,
          "attributes": {
            "certificate_arn": "arn:aws:acm:us-east-1:828841347063:certificate/7cdebc46-afc3-407f-bdbc-4b6c19b6a0ce",
            "id": "0001-01-01 00:00:00 +0000 UTC",
            "timeouts": null,
            "validation_record_fqdns": [
              "_34d8fff55a84bd333e9998ac156b74b8.skyfortress.dev"
            ]
          },
          "sensitive_attributes": [],
          "private": "eyJlMmJmYjczMC1lY2FhLTExZTYtOGY4OC0zNDM2M2JjN2M0YzAiOnsiY3JlYXRlIjo0NTAwMDAwMDAwMDAwfX0=",
          "dependencies": [
            "aws_acm_certificate.my_certificate_request",
            "aws_route53_record.my_validation_record",
            "aws_route53_zone.my_hosted_zone"
          ]
        }
      ]
    },
    {
      "mode": "managed",
      "type": "aws_cloudfront_distribution",
      "name": "blog",
      "provider": "provider[\"registry.terraform.io/hashicorp/aws\"]",
      "instances": [
        {
          "schema_version": 1,
          "attributes": {
            "aliases": [
              "skyfortress.dev",
              "www.skyfortress.dev"
            ],
            "arn": "arn:aws:cloudfront::828841347063:distribution/E3QA4CEIW2BTGW",
            "caller_reference": "terraform-20230112002451674600000001",
            "comment": null,
            "custom_error_response": [],
            "default_cache_behavior": [
              {
                "allowed_methods": [
                  "GET",
                  "HEAD"
                ],
                "cache_policy_id": "",
                "cached_methods": [
                  "GET",
                  "HEAD"
                ],
                "compress": true,
                "default_ttl": 3600,
                "field_level_encryption_id": "",
                "forwarded_values": [
                  {
                    "cookies": [
                      {
                        "forward": "none",
                        "whitelisted_names": []
                      }
                    ],
                    "headers": [],
                    "query_string": false,
                    "query_string_cache_keys": []
                  }
                ],
                "function_association": [
                  {
                    "event_type": "viewer-request",
                    "function_arn": "arn:aws:cloudfront::828841347063:function/rewrite-request-a0bba8c00ceb568f"
                  }
                ],
                "lambda_function_association": [],
                "max_ttl": 86400,
                "min_ttl": 0,
                "origin_request_policy_id": "",
                "realtime_log_config_arn": "",
                "response_headers_policy_id": "",
                "smooth_streaming": false,
                "target_origin_id": "blogs3origin",
                "trusted_key_groups": [],
                "trusted_signers": [],
                "viewer_protocol_policy": "allow-all"
              }
            ],
            "default_root_object": "index.html",
            "domain_name": "d2pd84pp4h0w3j.cloudfront.net",
            "enabled": true,
            "etag": "E2AGTMKOQYYPD3",
            "hosted_zone_id": "Z2FDTNDATAQYW2",
            "http_version": "http2",
            "id": "E3QA4CEIW2BTGW",
            "in_progress_validation_batches": 0,
            "is_ipv6_enabled": true,
            "last_modified_time": "2023-01-12 14:38:25.565 +0000 UTC",
            "logging_config": [
              {
                "bucket": "logs.skyfortress.dev.s3.amazonaws.com",
                "include_cookies": false,
                "prefix": ""
              }
            ],
            "ordered_cache_behavior": [],
            "origin": [
              {
                "connection_attempts": 3,
                "connection_timeout": 10,
                "custom_header": [],
                "custom_origin_config": [],
                "domain_name": "skyfortress.dev.s3.amazonaws.com",
                "origin_access_control_id": "",
                "origin_id": "blogs3origin",
                "origin_path": "",
                "origin_shield": [],
                "s3_origin_config": [
                  {
                    "origin_access_identity": "origin-access-identity/cloudfront/E60HAVU7T59TB"
                  }
                ]
              }
            ],
            "origin_group": [],
            "price_class": "PriceClass_100",
            "restrictions": [
              {
                "geo_restriction": [
                  {
                    "locations": [],
                    "restriction_type": "none"
                  }
                ]
              }
            ],
            "retain_on_delete": false,
            "status": "Deployed",
            "tags": {},
            "tags_all": {},
            "trusted_key_groups": [
              {
                "enabled": false,
                "items": []
              }
            ],
            "trusted_signers": [
              {
                "enabled": false,
                "items": []
              }
            ],
            "viewer_certificate": [
              {
                "acm_certificate_arn": "arn:aws:acm:us-east-1:828841347063:certificate/7cdebc46-afc3-407f-bdbc-4b6c19b6a0ce",
                "cloudfront_default_certificate": false,
                "iam_certificate_id": "",
                "minimum_protocol_version": "TLSv1",
                "ssl_support_method": "sni-only"
              }
            ],
            "wait_for_deployment": true,
            "web_acl_id": ""
          },
          "sensitive_attributes": [],
          "private": "eyJzY2hlbWFfdmVyc2lvbiI6IjEifQ==",
          "dependencies": [
            "aws_acm_certificate.my_certificate_request",
            "aws_cloudfront_function.rewrite_uri",
            "aws_cloudfront_origin_access_identity.origin_access_identity",
            "aws_s3_bucket.blog",
            "aws_s3_bucket.logs",
            "random_id.id"
          ]
        }
      ]
    },
    {
      "mode": "managed",
      "type": "aws_cloudfront_function",
      "name": "rewrite_uri",
      "provider": "provider[\"registry.terraform.io/hashicorp/aws\"]",
      "instances": [
        {
          "schema_version": 0,
          "attributes": {
            "arn": "arn:aws:cloudfront::828841347063:function/rewrite-request-a0bba8c00ceb568f",
            "code": "    function handler(event) {\n        var request = event.request;\n        var uri = request.uri;\n\n        var host = request.headers.host.value;\n\n        if (host === 'www.skyfortress.dev') {\n            return {\n                statusCode: 301,\n                statusDescription: 'Redirect to non www',\n                headers: {\n                    'cloudfront-functions': { value: 'generated-by-CloudFront-Functions' },\n                    'location': { value: `https://skyfortress.dev${uri}` }\n                }\n            };\n        }\n\n\n\n        \n        // Check whether the URI is missing a file name.\n        if (uri.endsWith('/')) {\n            request.uri += 'index.html';\n        } \n        // Check whether the URI is missing a file extension.\n        else if (!uri.includes('.')) {\n            return {\n                statusCode: 301,\n                statusDescription: 'Redirect to slash',\n                headers: {\n                    'cloudfront-functions': { value: 'generated-by-CloudFront-Functions' },\n                    'location': { value: `https://skyfortress.dev${uri}/` }\n                }\n            };\n        }\n\n        return request;\n    }\n",
            "comment": "",
            "etag": "E1PA6795UKMFR9",
            "id": "rewrite-request-a0bba8c00ceb568f",
            "live_stage_etag": "E1PA6795UKMFR9",
            "name": "rewrite-request-a0bba8c00ceb568f",
            "publish": true,
            "runtime": "cloudfront-js-1.0",
            "status": "DEPLOYED"
          },
          "sensitive_attributes": [],
          "private": "bnVsbA==",
          "dependencies": [
            "random_id.id"
          ]
        }
      ]
    },
    {
      "mode": "managed",
      "type": "aws_cloudfront_origin_access_identity",
      "name": "origin_access_identity",
      "provider": "provider[\"registry.terraform.io/hashicorp/aws\"]",
      "instances": [
        {
          "schema_version": 0,
          "attributes": {
            "caller_reference": "terraform-20230111233637761400000001",
            "cloudfront_access_identity_path": "origin-access-identity/cloudfront/E60HAVU7T59TB",
            "comment": null,
            "etag": "E3JHNOB1X8FWLI",
            "iam_arn": "arn:aws:iam::cloudfront:user/CloudFront Origin Access Identity E60HAVU7T59TB",
            "id": "E60HAVU7T59TB",
            "s3_canonical_user_id": "c5edab4683882d6601df219d51d73623e6975e61f9ebb1677e20270b764421cf9784e9456e6ad4ef025784df90b7aa49"
          },
          "sensitive_attributes": [],
          "private": "bnVsbA=="
        }
      ]
    },
    {
      "mode": "managed",
      "type": "aws_route53_record",
      "name": "my_validation_record",
      "provider": "provider[\"registry.terraform.io/hashicorp/aws\"]",
      "instances": [
        {
          "schema_version": 2,
          "attributes": {
            "alias": [],
            "allow_overwrite": null,
            "failover_routing_policy": [],
            "fqdn": "_34d8fff55a84bd333e9998ac156b74b8.skyfortress.dev",
            "geolocation_routing_policy": [],
            "health_check_id": "",
            "id": "Z069643028U4APO7RL84H__34d8fff55a84bd333e9998ac156b74b8.skyfortress.dev._CNAME",
            "latency_routing_policy": [],
            "multivalue_answer_routing_policy": null,
            "name": "_34d8fff55a84bd333e9998ac156b74b8.skyfortress.dev",
            "records": [
              "_e51da7e3fc4c40c40703af0ef22ecdf4.xmkpffzlvd.acm-validations.aws."
            ],
            "set_identifier": "",
            "ttl": 60,
            "type": "CNAME",
            "weighted_routing_policy": [],
            "zone_id": "Z069643028U4APO7RL84H"
          },
          "sensitive_attributes": [],
          "private": "eyJzY2hlbWFfdmVyc2lvbiI6IjIifQ==",
          "dependencies": [
            "aws_acm_certificate.my_certificate_request",
            "aws_route53_zone.my_hosted_zone"
          ]
        }
      ]
    },
    {
      "mode": "managed",
      "type": "aws_route53_record",
      "name": "non-www",
      "provider": "provider[\"registry.terraform.io/hashicorp/aws\"]",
      "instances": [
        {
          "schema_version": 2,
          "attributes": {
            "alias": [
              {
                "evaluate_target_health": true,
                "name": "d2pd84pp4h0w3j.cloudfront.net",
                "zone_id": "Z2FDTNDATAQYW2"
              }
            ],
            "allow_overwrite": null,
            "failover_routing_policy": [],
            "fqdn": "skyfortress.dev",
            "geolocation_routing_policy": [],
            "health_check_id": "",
            "id": "Z069643028U4APO7RL84H_skyfortress.dev_A",
            "latency_routing_policy": [],
            "multivalue_answer_routing_policy": null,
            "name": "skyfortress.dev",
            "records": [],
            "set_identifier": "",
            "ttl": 0,
            "type": "A",
            "weighted_routing_policy": [],
            "zone_id": "Z069643028U4APO7RL84H"
          },
          "sensitive_attributes": [],
          "private": "eyJzY2hlbWFfdmVyc2lvbiI6IjIifQ==",
          "dependencies": [
            "aws_acm_certificate.my_certificate_request",
            "aws_cloudfront_distribution.blog",
            "aws_cloudfront_function.rewrite_uri",
            "aws_cloudfront_origin_access_identity.origin_access_identity",
            "aws_route53_zone.my_hosted_zone",
            "aws_s3_bucket.blog",
            "aws_s3_bucket.logs",
            "random_id.id"
          ]
        }
      ]
    },
    {
      "mode": "managed",
      "type": "aws_route53_record",
      "name": "www",
      "provider": "provider[\"registry.terraform.io/hashicorp/aws\"]",
      "instances": [
        {
          "schema_version": 2,
          "attributes": {
            "alias": [
              {
                "evaluate_target_health": true,
                "name": "d2pd84pp4h0w3j.cloudfront.net",
                "zone_id": "Z2FDTNDATAQYW2"
              }
            ],
            "allow_overwrite": null,
            "failover_routing_policy": [],
            "fqdn": "www.skyfortress.dev",
            "geolocation_routing_policy": [],
            "health_check_id": "",
            "id": "Z069643028U4APO7RL84H_www.skyfortress.dev_A",
            "latency_routing_policy": [],
            "multivalue_answer_routing_policy": null,
            "name": "www.skyfortress.dev",
            "records": [],
            "set_identifier": "",
            "ttl": 0,
            "type": "A",
            "weighted_routing_policy": [],
            "zone_id": "Z069643028U4APO7RL84H"
          },
          "sensitive_attributes": [],
          "private": "eyJzY2hlbWFfdmVyc2lvbiI6IjIifQ==",
          "dependencies": [
            "aws_acm_certificate.my_certificate_request",
            "aws_cloudfront_distribution.blog",
            "aws_cloudfront_function.rewrite_uri",
            "aws_cloudfront_origin_access_identity.origin_access_identity",
            "aws_route53_zone.my_hosted_zone",
            "aws_s3_bucket.blog",
            "aws_s3_bucket.logs",
            "random_id.id"
          ]
        }
      ]
    },
    {
      "mode": "managed",
      "type": "aws_route53_zone",
      "name": "my_hosted_zone",
      "provider": "provider[\"registry.terraform.io/hashicorp/aws\"]",
      "instances": [
        {
          "schema_version": 0,
          "attributes": {
            "arn": "arn:aws:route53:::hostedzone/Z069643028U4APO7RL84H",
            "comment": "Managed by Terraform",
            "delegation_set_id": "",
            "force_destroy": false,
            "id": "Z069643028U4APO7RL84H",
            "name": "skyfortress.dev",
            "name_servers": [
              "ns-12.awsdns-01.com",
              "ns-1262.awsdns-29.org",
              "ns-1959.awsdns-52.co.uk",
              "ns-730.awsdns-27.net"
            ],
            "primary_name_server": "ns-1262.awsdns-29.org",
            "tags": {},
            "tags_all": {},
            "vpc": [],
            "zone_id": "Z069643028U4APO7RL84H"
          },
          "sensitive_attributes": [],
          "private": "bnVsbA=="
        }
      ]
    },
    {
      "mode": "managed",
      "type": "aws_s3_bucket",
      "name": "blog",
      "provider": "provider[\"registry.terraform.io/hashicorp/aws\"]",
      "instances": [
        {
          "schema_version": 0,
          "attributes": {
            "acceleration_status": "",
            "acl": null,
            "arn": "arn:aws:s3:::skyfortress.dev",
            "bucket": "skyfortress.dev",
            "bucket_domain_name": "skyfortress.dev.s3.amazonaws.com",
            "bucket_prefix": null,
            "bucket_regional_domain_name": "skyfortress.dev.s3.amazonaws.com",
            "cors_rule": [],
            "force_destroy": false,
            "grant": [
              {
                "id": "6c09af11ecefa579acf65c4f1d7d14acfcd8ba8d51cd13852c93201b090303f0",
                "permissions": [
                  "FULL_CONTROL"
                ],
                "type": "CanonicalUser",
                "uri": ""
              }
            ],
            "hosted_zone_id": "Z3AQBSTGFYJSTF",
            "id": "skyfortress.dev",
            "lifecycle_rule": [],
            "logging": [],
            "object_lock_configuration": [],
            "object_lock_enabled": false,
            "policy": "{\"Version\":\"2012-10-17\",\"Statement\":[{\"Sid\":\"\",\"Effect\":\"Allow\",\"Principal\":{\"AWS\":\"arn:aws:iam::cloudfront:user/CloudFront Origin Access Identity E60HAVU7T59TB\"},\"Action\":\"s3:GetObject\",\"Resource\":\"arn:aws:s3:::skyfortress.dev/*\"},{\"Sid\":\"\",\"Effect\":\"Allow\",\"Principal\":{\"AWS\":\"arn:aws:iam::cloudfront:user/CloudFront Origin Access Identity E60HAVU7T59TB\"},\"Action\":\"s3:ListBucket\",\"Resource\":\"arn:aws:s3:::skyfortress.dev\"}]}",
            "region": "us-east-1",
            "replication_configuration": [],
            "request_payer": "BucketOwner",
            "server_side_encryption_configuration": [],
            "tags": {},
            "tags_all": {},
            "timeouts": null,
            "versioning": [
              {
                "enabled": false,
                "mfa_delete": false
              }
            ],
            "website": [],
            "website_domain": null,
            "website_endpoint": null
          },
          "sensitive_attributes": [],
          "private": "eyJlMmJmYjczMC1lY2FhLTExZTYtOGY4OC0zNDM2M2JjN2M0YzAiOnsiY3JlYXRlIjoxMjAwMDAwMDAwMDAwLCJkZWxldGUiOjM2MDAwMDAwMDAwMDAsInJlYWQiOjEyMDAwMDAwMDAwMDAsInVwZGF0ZSI6MTIwMDAwMDAwMDAwMH19"
        }
      ]
    },
    {
      "mode": "managed",
      "type": "aws_s3_bucket",
      "name": "logs",
      "provider": "provider[\"registry.terraform.io/hashicorp/aws\"]",
      "instances": [
        {
          "schema_version": 0,
          "attributes": {
            "acceleration_status": "",
            "acl": null,
            "arn": "arn:aws:s3:::logs.skyfortress.dev",
            "bucket": "logs.skyfortress.dev",
            "bucket_domain_name": "logs.skyfortress.dev.s3.amazonaws.com",
            "bucket_prefix": null,
            "bucket_regional_domain_name": "logs.skyfortress.dev.s3.amazonaws.com",
            "cors_rule": [],
            "force_destroy": false,
            "grant": [
              {
                "id": "6c09af11ecefa579acf65c4f1d7d14acfcd8ba8d51cd13852c93201b090303f0",
                "permissions": [
                  "FULL_CONTROL"
                ],
                "type": "CanonicalUser",
                "uri": ""
              },
              {
                "id": "c4c1ede66af53448b93c283ce9448c4ba468c9432aa01d700d3878632f77d2d0",
                "permissions": [
                  "FULL_CONTROL"
                ],
                "type": "CanonicalUser",
                "uri": ""
              }
            ],
            "hosted_zone_id": "Z3AQBSTGFYJSTF",
            "id": "logs.skyfortress.dev",
            "lifecycle_rule": [],
            "logging": [],
            "object_lock_configuration": [],
            "object_lock_enabled": false,
            "policy": "",
            "region": "us-east-1",
            "replication_configuration": [],
            "request_payer": "BucketOwner",
            "server_side_encryption_configuration": [],
            "tags": {},
            "tags_all": {},
            "timeouts": null,
            "versioning": [
              {
                "enabled": false,
                "mfa_delete": false
              }
            ],
            "website": [],
            "website_domain": null,
            "website_endpoint": null
          },
          "sensitive_attributes": [],
          "private": "eyJlMmJmYjczMC1lY2FhLTExZTYtOGY4OC0zNDM2M2JjN2M0YzAiOnsiY3JlYXRlIjoxMjAwMDAwMDAwMDAwLCJkZWxldGUiOjM2MDAwMDAwMDAwMDAsInJlYWQiOjEyMDAwMDAwMDAwMDAsInVwZGF0ZSI6MTIwMDAwMDAwMDAwMH19"
        }
      ]
    },
    {
      "mode": "managed",
      "type": "aws_s3_bucket_acl",
      "name": "blog_bucket_acl",
      "provider": "provider[\"registry.terraform.io/hashicorp/aws\"]",
      "instances": [
        {
          "schema_version": 0,
          "attributes": {
            "access_control_policy": [
              {
                "grant": [
                  {
                    "grantee": [
                      {
                        "display_name": "sky4tress",
                        "email_address": "",
                        "id": "6c09af11ecefa579acf65c4f1d7d14acfcd8ba8d51cd13852c93201b090303f0",
                        "type": "CanonicalUser",
                        "uri": ""
                      }
                    ],
                    "permission": "FULL_CONTROL"
                  }
                ],
                "owner": [
                  {
                    "display_name": "sky4tress",
                    "id": "6c09af11ecefa579acf65c4f1d7d14acfcd8ba8d51cd13852c93201b090303f0"
                  }
                ]
              }
            ],
            "acl": "private",
            "bucket": "skyfortress.dev",
            "expected_bucket_owner": "",
            "id": "skyfortress.dev,private"
          },
          "sensitive_attributes": [],
          "private": "bnVsbA==",
          "dependencies": [
            "aws_s3_bucket.blog"
          ]
        }
      ]
    },
    {
      "mode": "managed",
      "type": "aws_s3_bucket_acl",
      "name": "logs_bucket_acl",
      "provider": "provider[\"registry.terraform.io/hashicorp/aws\"]",
      "instances": [
        {
          "schema_version": 0,
          "attributes": {
            "access_control_policy": [
              {
                "grant": [
                  {
                    "grantee": [
                      {
                        "display_name": "awslogsdelivery+s3_us-east-1",
                        "email_address": "",
                        "id": "c4c1ede66af53448b93c283ce9448c4ba468c9432aa01d700d3878632f77d2d0",
                        "type": "CanonicalUser",
                        "uri": ""
                      }
                    ],
                    "permission": "FULL_CONTROL"
                  },
                  {
                    "grantee": [
                      {
                        "display_name": "sky4tress",
                        "email_address": "",
                        "id": "6c09af11ecefa579acf65c4f1d7d14acfcd8ba8d51cd13852c93201b090303f0",
                        "type": "CanonicalUser",
                        "uri": ""
                      }
                    ],
                    "permission": "FULL_CONTROL"
                  }
                ],
                "owner": [
                  {
                    "display_name": "sky4tress",
                    "id": "6c09af11ecefa579acf65c4f1d7d14acfcd8ba8d51cd13852c93201b090303f0"
                  }
                ]
              }
            ],
            "acl": "private",
            "bucket": "logs.skyfortress.dev",
            "expected_bucket_owner": "",
            "id": "logs.skyfortress.dev,private"
          },
          "sensitive_attributes": [],
          "private": "bnVsbA==",
          "dependencies": [
            "aws_s3_bucket.logs"
          ]
        }
      ]
    },
    {
      "mode": "managed",
      "type": "aws_s3_bucket_policy",
      "name": "blog",
      "provider": "provider[\"registry.terraform.io/hashicorp/aws\"]",
      "instances": [
        {
          "schema_version": 0,
          "attributes": {
            "bucket": "skyfortress.dev",
            "id": "skyfortress.dev",
            "policy": "{\"Statement\":[{\"Action\":\"s3:GetObject\",\"Effect\":\"Allow\",\"Principal\":{\"AWS\":\"arn:aws:iam::cloudfront:user/CloudFront Origin Access Identity E60HAVU7T59TB\"},\"Resource\":\"arn:aws:s3:::skyfortress.dev/*\",\"Sid\":\"\"},{\"Action\":\"s3:ListBucket\",\"Effect\":\"Allow\",\"Principal\":{\"AWS\":\"arn:aws:iam::cloudfront:user/CloudFront Origin Access Identity E60HAVU7T59TB\"},\"Resource\":\"arn:aws:s3:::skyfortress.dev\",\"Sid\":\"\"}],\"Version\":\"2012-10-17\"}"
          },
          "sensitive_attributes": [],
          "private": "bnVsbA==",
          "dependencies": [
            "aws_cloudfront_origin_access_identity.origin_access_identity",
            "aws_s3_bucket.blog",
            "data.aws_iam_policy_document.blog_s3_policy"
          ]
        }
      ]
    },
    {
      "mode": "managed",
      "type": "random_id",
      "name": "id",
      "provider": "provider[\"registry.terraform.io/hashicorp/random\"]",
      "instances": [
        {
          "schema_version": 0,
          "attributes": {
            "b64_std": "oLuowAzrVo8=",
            "b64_url": "oLuowAzrVo8",
            "byte_length": 8,
            "dec": "11582036409517299343",
            "hex": "a0bba8c00ceb568f",
            "id": "oLuowAzrVo8",
            "keepers": null,
            "prefix": null
          },
          "sensitive_attributes": []
        }
      ]
    }
  ],
  "check_results": null
}
